
Microsoft Visual Studio Solution File, Format Version 11.00
# Visual C# Express 2010
Project("{FAE04EC0-301F-11D3-BF4B-00C04F79EFBC}") = "RustRcon", "RustRcon.csproj", "{A5571A16-6B68-4544-8072-F3924225CB66}"
EndProject
Global
	GlobalSection(SolutionConfigurationPlatforms) = preSolution
		Debug|Any CPU = Debug|Any CPU
		Release|Any CPU = Release|Any CPU
	EndGlobalSection
	GlobalSection(ProjectConfigurationPlatforms) = postSolution
		{A5571A16-6B68-4544-8072-F3924225CB66}.Debug|Any CPU.ActiveCfg = Debug|Any CPU
		{A5571A16-6B68-4544-8072-F3924225CB66}.Debug|Any CPU.Build.0 = Debug|Any CPU
		{A5571A16-6B68-4544-8072-F3924225CB66}.Release|Any CPU.ActiveCfg = Release|Any CPU
		{A5571A16-6B68-4544-8072-F3924225CB66}.Release|Any CPU.Build.0 = Release|Any CPU
	EndGlobalSection
	GlobalSection(SolutionProperties) = preSolution
		HideSolutionNode = FALSE
	EndGlobalSection
EndGlobal
